
Microsoft Visual Studio Solution File, Format Version 12.00
# Visual Studio 15
VisualStudioVersion = 15.0.27428.2037
MinimumVisualStudioVersion = 10.0.40219.1
Project("{FAE04EC0-301F-11D3-BF4B-00C04F79EFBC}") = "U35 Assingment 2", "U35 Assingment 2\U35 Assingment 2.csproj", "{C5ACB809-8EDA-44B6-B221-6B26F8B3A7DF}"
EndProject
Global
	GlobalSection(SolutionConfigurationPlatforms) = preSolution
		Debug|Any CPU = Debug|Any CPU
		Release|Any CPU = Release|Any CPU
	EndGlobalSection
	GlobalSection(ProjectConfigurationPlatforms) = postSolution
		{C5ACB809-8EDA-44B6-B221-6B26F8B3A7DF}.Debug|Any CPU.ActiveCfg = Debug|Any CPU
		{C5ACB809-8EDA-44B6-B221-6B26F8B3A7DF}.Debug|Any CPU.Build.0 = Debug|Any CPU
		{C5ACB809-8EDA-44B6-B221-6B26F8B3A7DF}.Release|Any CPU.ActiveCfg = Release|Any CPU
		{C5ACB809-8EDA-44B6-B221-6B26F8B3A7DF}.Release|Any CPU.Build.0 = Release|Any CPU
	EndGlobalSection
	GlobalSection(SolutionProperties) = preSolution
		HideSolutionNode = FALSE
	EndGlobalSection
	GlobalSection(ExtensibilityGlobals) = postSolution
		SolutionGuid = {87679F79-4859-4AE7-8C08-3BEFA58B621B}
	EndGlobalSection
EndGlobal
